{
  "requires": true,
  "lockfileVersion": 1,
  "dependencies": {
    "@turf/bearing": {
      "version": "6.0.1",
      "resolved": "https://registry.npmjs.org/@turf/bearing/-/bearing-6.0.1.tgz",
      "integrity": "sha512-mXY1NozqV9EFfBTbUItujwfqfQF0G/Xe2fzvnZle90ekPEUfhi4Dgf5JswJTd96J9LiT8kcd6Jonp5khnx0wIg==",
      "requires": {
        "@turf/helpers": "6.1.3",
        "@turf/invariant": "6.0.1"
      }
    },
    "@turf/clone": {
      "version": "6.0.2",
      "resolved": "https://registry.npmjs.org/@turf/clone/-/clone-6.0.2.tgz",
      "integrity": "sha512-UVpYPnW3wRj3bPncR6Z2PRbowBk+nEdVWgGewPxrKKLfvswtVtG9n/OIyvbU3E3ZOadBVxTH2uAMEMOz4800FA==",
      "requires": {
        "@turf/helpers": "6.1.3"
      }
    },
    "@turf/distance": {
      "version": "6.0.1",
      "resolved": "https://registry.npmjs.org/@turf/distance/-/distance-6.0.1.tgz",
      "integrity": "sha512-q7t7rWIWfkg7MP1Vt4uLjSEhe5rPfCO2JjpKmk7JC+QZKEQkuvHEqy3ejW1iC7Kw5ZcZNR3qdMGGz+6HnVwqvg==",
      "requires": {
        "@turf/helpers": "6.1.3",
        "@turf/invariant": "6.0.1"
      }
    },
    "@turf/helpers": {
      "version": "6.1.3",
      "resolved": "https://registry.npmjs.org/@turf/helpers/-/helpers-6.1.3.tgz",
      "integrity": "sha512-nBbSk/hi7WC+5F/CKbfkB42ckIm7jms79DutLCD9Q5AYVITNxitP5uPrgE+Sf4VPFTBaEe0e8yzFCRzH9+SAzw=="
    },
    "@turf/invariant": {
      "version": "6.0.1",
      "resolved": "https://registry.npmjs.org/@turf/invariant/-/invariant-6.0.1.tgz",
      "integrity": "sha512-yN2GSDgVjRS2LIE+JN2TQmkk2q3z8FwBNFJ1Pw5BUfa1ybR3euk+s6blvYNT95Lu8H46EeSaYTcwMvgpiQneoA==",
      "requires": {
        "@turf/helpers": "6.1.3"
      }
    },
    "@turf/meta": {
      "version": "6.0.2",
      "resolved": "https://registry.npmjs.org/@turf/meta/-/meta-6.0.2.tgz",
      "integrity": "sha512-VA7HJkx7qF1l3+GNGkDVn2oXy4+QoLP6LktXAaZKjuT1JI0YESat7quUkbCMy4zP9lAUuvS4YMslLyTtr919FA==",
      "requires": {
        "@turf/helpers": "6.1.3"
      }
    },
    "@turf/point-to-line-distance": {
      "version": "6.0.0",
      "resolved": "https://registry.npmjs.org/@turf/point-to-line-distance/-/point-to-line-distance-6.0.0.tgz",
      "integrity": "sha512-2UuZFtn8MRfrqBHSqkrH/jm5q/VedyL7a4YC50Nd5FqXs5TgmAB7ms2igSbCkyaOtRypGhMl9fun3Hg5PIVRMQ==",
      "requires": {
        "@turf/bearing": "6.0.1",
        "@turf/distance": "6.0.1",
        "@turf/helpers": "6.1.3",
        "@turf/invariant": "6.0.1",
        "@turf/meta": "6.0.2",
        "@turf/projection": "6.0.1",
        "@turf/rhumb-bearing": "6.0.1",
        "@turf/rhumb-distance": "6.0.1"
      }
    },
    "@turf/projection": {
      "version": "6.0.1",
      "resolved": "https://registry.npmjs.org/@turf/projection/-/projection-6.0.1.tgz",
      "integrity": "sha512-Y3RvGT6I53MjYKLG69e9sMk45wJXcLbrEO1t6P3WQQQGqA2gYhhMJyV41vE2Z2llrJpvs2dDx/tIeQzGd0HHMQ==",
      "requires": {
        "@turf/clone": "6.0.2",
        "@turf/helpers": "6.1.3",
        "@turf/meta": "6.0.2"
      }
    },
    "@turf/rhumb-bearing": {
      "version": "6.0.1",
      "resolved": "https://registry.npmjs.org/@turf/rhumb-bearing/-/rhumb-bearing-6.0.1.tgz",
      "integrity": "sha512-MVBra8OVfjM4+/N0B3o6cBIYg9p/uRKzA9uk05RfrzasEbUL1vdD23LkTooVL74Yw4UxL8BQD9hS5Re2COJFDA==",
      "requires": {
        "@turf/helpers": "6.1.3",
        "@turf/invariant": "6.0.1"
      }
    },
    "@turf/rhumb-distance": {
      "version": "6.0.1",
      "resolved": "https://registry.npmjs.org/@turf/rhumb-distance/-/rhumb-distance-6.0.1.tgz",
      "integrity": "sha512-3G45DQtQByzzfHFPcCyJdUZFwsd45zfZ7sAb1ddF7mhEj4G70+T2G3GKjInymqDNrbyh2gbG6wQiZSToC8Uf9g==",
      "requires": {
        "@turf/helpers": "6.1.3",
        "@turf/invariant": "6.0.1"
      }
    }
  }
}
